
Microsoft Visual Studio Solution File, Format Version 12.00
# Visual Studio Version 17
VisualStudioVersion = 17.10.35122.118
MinimumVisualStudioVersion = 10.0.40219.1
Project("{FAE04EC0-301F-11D3-BF4B-00C04F79EFBC}") = "PatikaConstructorTask", "PatikaConstructorTask.csproj", "{1232C6B9-EF03-4113-A106-438786E45CC0}"
EndProject
Global
	GlobalSection(SolutionConfigurationPlatforms) = preSolution
		Debug|Any CPU = Debug|Any CPU
		Release|Any CPU = Release|Any CPU
	EndGlobalSection
	GlobalSection(ProjectConfigurationPlatforms) = postSolution
		{1232C6B9-EF03-4113-A106-438786E45CC0}.Debug|Any CPU.ActiveCfg = Debug|Any CPU
		{1232C6B9-EF03-4113-A106-438786E45CC0}.Debug|Any CPU.Build.0 = Debug|Any CPU
		{1232C6B9-EF03-4113-A106-438786E45CC0}.Release|Any CPU.ActiveCfg = Release|Any CPU
		{1232C6B9-EF03-4113-A106-438786E45CC0}.Release|Any CPU.Build.0 = Release|Any CPU
	EndGlobalSection
	GlobalSection(SolutionProperties) = preSolution
		HideSolutionNode = FALSE
	EndGlobalSection
	GlobalSection(ExtensibilityGlobals) = postSolution
		SolutionGuid = {ECA21DF6-6EA2-4D7F-8786-EBA36373D53F}
	EndGlobalSection
EndGlobal
